
Microsoft Visual Studio Solution File, Format Version 12.00
# Visual Studio 2013
VisualStudioVersion = 12.0.30723.0
MinimumVisualStudioVersion = 10.0.40219.1
Project("{FAE04EC0-301F-11D3-BF4B-00C04F79EFBC}") = "BombDefuserEngine", "TowerHunterEngine\BombDefuserEngine.csproj", "{597C93E8-EF3E-4E31-BAD8-BB9CCC9BBBBE}"
EndProject
Project("{FAE04EC0-301F-11D3-BF4B-00C04F79EFBC}") = "XNAContentCompiler", "XNAContentCompiler\XNAContentCompiler.csproj", "{36FF2ED9-1494-42C3-A3D3-60C7EF6FAA12}"
EndProject
Project("{FAE04EC0-301F-11D3-BF4B-00C04F79EFBC}") = "Controller-EV3-Test", "Controller-EV3-Test\Controller-EV3-Test.csproj", "{36D0D259-CDFA-4B0D-A606-486E13B1083C}"
EndProject
Project("{F088123C-0E9E-452A-89E6-6BA2F21D5CAC}") = "BombDefuser", "BombDefuser\BombDefuser.modelproj", "{854DCD70-C22C-407B-9AE5-40FEEC4F8084}"
EndProject
Project("{FAE04EC0-301F-11D3-BF4B-00C04F79EFBC}") = "BombDefuserSetup", "BombDefuserSetup\BombDefuserSetup.csproj", "{F0066259-AFCC-4023-997B-895C3BD490F3}"
EndProject
Global
	GlobalSection(SolutionConfigurationPlatforms) = preSolution
		Debug|Any CPU = Debug|Any CPU
		Debug|Mixed Platforms = Debug|Mixed Platforms
		Debug|x86 = Debug|x86
		Release|Any CPU = Release|Any CPU
		Release|Mixed Platforms = Release|Mixed Platforms
		Release|x86 = Release|x86
	EndGlobalSection
	GlobalSection(ProjectConfigurationPlatforms) = postSolution
		{597C93E8-EF3E-4E31-BAD8-BB9CCC9BBBBE}.Debug|Any CPU.ActiveCfg = Debug|x86
		{597C93E8-EF3E-4E31-BAD8-BB9CCC9BBBBE}.Debug|Mixed Platforms.ActiveCfg = Debug|x86
		{597C93E8-EF3E-4E31-BAD8-BB9CCC9BBBBE}.Debug|Mixed Platforms.Build.0 = Debug|x86
		{597C93E8-EF3E-4E31-BAD8-BB9CCC9BBBBE}.Debug|x86.ActiveCfg = Debug|x86
		{597C93E8-EF3E-4E31-BAD8-BB9CCC9BBBBE}.Debug|x86.Build.0 = Debug|x86
		{597C93E8-EF3E-4E31-BAD8-BB9CCC9BBBBE}.Release|Any CPU.ActiveCfg = Release|x86
		{597C93E8-EF3E-4E31-BAD8-BB9CCC9BBBBE}.Release|Mixed Platforms.ActiveCfg = Release|x86
		{597C93E8-EF3E-4E31-BAD8-BB9CCC9BBBBE}.Release|Mixed Platforms.Build.0 = Release|x86
		{597C93E8-EF3E-4E31-BAD8-BB9CCC9BBBBE}.Release|x86.ActiveCfg = Release|x86
		{597C93E8-EF3E-4E31-BAD8-BB9CCC9BBBBE}.Release|x86.Build.0 = Release|x86
		{36FF2ED9-1494-42C3-A3D3-60C7EF6FAA12}.Debug|Any CPU.ActiveCfg = Debug|x86
		{36FF2ED9-1494-42C3-A3D3-60C7EF6FAA12}.Debug|Mixed Platforms.ActiveCfg = Debug|x86
		{36FF2ED9-1494-42C3-A3D3-60C7EF6FAA12}.Debug|Mixed Platforms.Build.0 = Debug|x86
		{36FF2ED9-1494-42C3-A3D3-60C7EF6FAA12}.Debug|x86.ActiveCfg = Debug|x86
		{36FF2ED9-1494-42C3-A3D3-60C7EF6FAA12}.Debug|x86.Build.0 = Debug|x86
		{36FF2ED9-1494-42C3-A3D3-60C7EF6FAA12}.Release|Any CPU.ActiveCfg = Release|x86
		{36FF2ED9-1494-42C3-A3D3-60C7EF6FAA12}.Release|Mixed Platforms.ActiveCfg = Release|x86
		{36FF2ED9-1494-42C3-A3D3-60C7EF6FAA12}.Release|Mixed Platforms.Build.0 = Release|x86
		{36FF2ED9-1494-42C3-A3D3-60C7EF6FAA12}.Release|x86.ActiveCfg = Release|x86
		{36FF2ED9-1494-42C3-A3D3-60C7EF6FAA12}.Release|x86.Build.0 = Release|x86
		{36D0D259-CDFA-4B0D-A606-486E13B1083C}.Debug|Any CPU.ActiveCfg = Debug|Any CPU
		{36D0D259-CDFA-4B0D-A606-486E13B1083C}.Debug|Any CPU.Build.0 = Debug|Any CPU
		{36D0D259-CDFA-4B0D-A606-486E13B1083C}.Debug|Mixed Platforms.ActiveCfg = Debug|Any CPU
		{36D0D259-CDFA-4B0D-A606-486E13B1083C}.Debug|Mixed Platforms.Build.0 = Debug|Any CPU
		{36D0D259-CDFA-4B0D-A606-486E13B1083C}.Debug|x86.ActiveCfg = Debug|Any CPU
		{36D0D259-CDFA-4B0D-A606-486E13B1083C}.Release|Any CPU.ActiveCfg = Release|Any CPU
		{36D0D259-CDFA-4B0D-A606-486E13B1083C}.Release|Any CPU.Build.0 = Release|Any CPU
		{36D0D259-CDFA-4B0D-A606-486E13B1083C}.Release|Mixed Platforms.ActiveCfg = Release|Any CPU
		{36D0D259-CDFA-4B0D-A606-486E13B1083C}.Release|Mixed Platforms.Build.0 = Release|Any CPU
		{36D0D259-CDFA-4B0D-A606-486E13B1083C}.Release|x86.ActiveCfg = Release|Any CPU
		{854DCD70-C22C-407B-9AE5-40FEEC4F8084}.Debug|Any CPU.ActiveCfg = Debug|Any CPU
		{854DCD70-C22C-407B-9AE5-40FEEC4F8084}.Debug|Any CPU.Build.0 = Debug|Any CPU
		{854DCD70-C22C-407B-9AE5-40FEEC4F8084}.Debug|Mixed Platforms.ActiveCfg = Debug|Any CPU
		{854DCD70-C22C-407B-9AE5-40FEEC4F8084}.Debug|Mixed Platforms.Build.0 = Debug|Any CPU
		{854DCD70-C22C-407B-9AE5-40FEEC4F8084}.Debug|x86.ActiveCfg = Debug|Any CPU
		{854DCD70-C22C-407B-9AE5-40FEEC4F8084}.Release|Any CPU.ActiveCfg = Release|Any CPU
		{854DCD70-C22C-407B-9AE5-40FEEC4F8084}.Release|Any CPU.Build.0 = Release|Any CPU
		{854DCD70-C22C-407B-9AE5-40FEEC4F8084}.Release|Mixed Platforms.ActiveCfg = Release|Any CPU
		{854DCD70-C22C-407B-9AE5-40FEEC4F8084}.Release|Mixed Platforms.Build.0 = Release|Any CPU
		{854DCD70-C22C-407B-9AE5-40FEEC4F8084}.Release|x86.ActiveCfg = Release|Any CPU
		{F0066259-AFCC-4023-997B-895C3BD490F3}.Debug|Any CPU.ActiveCfg = Debug|Any CPU
		{F0066259-AFCC-4023-997B-895C3BD490F3}.Debug|Any CPU.Build.0 = Debug|Any CPU
		{F0066259-AFCC-4023-997B-895C3BD490F3}.Debug|Mixed Platforms.ActiveCfg = Debug|Any CPU
		{F0066259-AFCC-4023-997B-895C3BD490F3}.Debug|Mixed Platforms.Build.0 = Debug|Any CPU
		{F0066259-AFCC-4023-997B-895C3BD490F3}.Debug|x86.ActiveCfg = Debug|Any CPU
		{F0066259-AFCC-4023-997B-895C3BD490F3}.Release|Any CPU.ActiveCfg = Release|Any CPU
		{F0066259-AFCC-4023-997B-895C3BD490F3}.Release|Any CPU.Build.0 = Release|Any CPU
		{F0066259-AFCC-4023-997B-895C3BD490F3}.Release|Mixed Platforms.ActiveCfg = Release|Any CPU
		{F0066259-AFCC-4023-997B-895C3BD490F3}.Release|Mixed Platforms.Build.0 = Release|Any CPU
		{F0066259-AFCC-4023-997B-895C3BD490F3}.Release|x86.ActiveCfg = Release|Any CPU
	EndGlobalSection
	GlobalSection(SolutionProperties) = preSolution
		HideSolutionNode = FALSE
	EndGlobalSection
	GlobalSection(ExtensibilityGlobals) = postSolution
		BuildVersion_AssemblyInfoFilename = TowerHunterEngine\Properties\AssemblyInfo.cs
		BuildVersion_UseGlobalSettings = True
		BuildVersion_ConfigurationName = Release
	EndGlobalSection
	GlobalSection(NDepend) = preSolution
		Project = ".\BombDefuser.ndproj"
	EndGlobalSection
EndGlobal
