
Microsoft Visual Studio Solution File, Format Version 11.00
# Visual Studio 2010
Project("{FAE04EC0-301F-11D3-BF4B-00C04F79EFBC}") = "Dashboard", "Dashboard\Dashboard.csproj", "{76238D12-6129-4FC9-97AC-D84BCF95AC74}"
EndProject
Project("{FAE04EC0-301F-11D3-BF4B-00C04F79EFBC}") = "Server", "Server\Server.csproj", "{954F708C-29E8-4282-B16D-4EA837F4B099}"
EndProject
Project("{FAE04EC0-301F-11D3-BF4B-00C04F79EFBC}") = "Server-Windows", "Server\Server-Windows.csproj", "{CEA9CD98-9A28-498C-9CC2-1AFEF4F50EE5}"
EndProject
Global
	GlobalSection(SolutionConfigurationPlatforms) = preSolution
		Debug|x86 = Debug|x86
		Release|x86 = Release|x86
	EndGlobalSection
	GlobalSection(ProjectConfigurationPlatforms) = postSolution
		{76238D12-6129-4FC9-97AC-D84BCF95AC74}.Debug|x86.ActiveCfg = Debug|x86
		{76238D12-6129-4FC9-97AC-D84BCF95AC74}.Debug|x86.Build.0 = Debug|x86
		{76238D12-6129-4FC9-97AC-D84BCF95AC74}.Release|x86.ActiveCfg = Release|x86
		{76238D12-6129-4FC9-97AC-D84BCF95AC74}.Release|x86.Build.0 = Release|x86
		{954F708C-29E8-4282-B16D-4EA837F4B099}.Debug|x86.ActiveCfg = Debug|x86
		{954F708C-29E8-4282-B16D-4EA837F4B099}.Debug|x86.Build.0 = Debug|x86
		{954F708C-29E8-4282-B16D-4EA837F4B099}.Release|x86.ActiveCfg = Release|x86
		{954F708C-29E8-4282-B16D-4EA837F4B099}.Release|x86.Build.0 = Release|x86
		{CEA9CD98-9A28-498C-9CC2-1AFEF4F50EE5}.Debug|x86.ActiveCfg = Debug|x86
		{CEA9CD98-9A28-498C-9CC2-1AFEF4F50EE5}.Debug|x86.Build.0 = Debug|x86
		{CEA9CD98-9A28-498C-9CC2-1AFEF4F50EE5}.Release|x86.ActiveCfg = Release|x86
		{CEA9CD98-9A28-498C-9CC2-1AFEF4F50EE5}.Release|x86.Build.0 = Release|x86
	EndGlobalSection
	GlobalSection(MonoDevelopProperties) = preSolution
		StartupItem = Server\Server.csproj
	EndGlobalSection
EndGlobal
