
Microsoft Visual Studio Solution File, Format Version 11.00
# Visual Studio 2010
Project("{FAE04EC0-301F-11D3-BF4B-00C04F79EFBC}") = "Roadplus.Server", "RoadplusServer\Roadplus.Server.csproj", "{5EB2E5B3-96D7-4D92-B172-DC60F9827B94}"
EndProject
Global
	GlobalSection(SolutionConfigurationPlatforms) = preSolution
		Debug|x86 = Debug|x86
		Release|x86 = Release|x86
	EndGlobalSection
	GlobalSection(ProjectConfigurationPlatforms) = postSolution
		{5EB2E5B3-96D7-4D92-B172-DC60F9827B94}.Debug|x86.ActiveCfg = Debug|x86
		{5EB2E5B3-96D7-4D92-B172-DC60F9827B94}.Debug|x86.Build.0 = Debug|x86
		{5EB2E5B3-96D7-4D92-B172-DC60F9827B94}.Release|x86.ActiveCfg = Release|x86
		{5EB2E5B3-96D7-4D92-B172-DC60F9827B94}.Release|x86.Build.0 = Release|x86
	EndGlobalSection
	GlobalSection(MonoDevelopProperties) = preSolution
		StartupItem = RoadplusServer\Roadplus.Server.csproj
	EndGlobalSection
EndGlobal
