
Microsoft Visual Studio Solution File, Format Version 12.00
# Visual Studio 2013
VisualStudioVersion = 12.0.30723.0
MinimumVisualStudioVersion = 10.0.40219.1
Project("{FAE04EC0-301F-11D3-BF4B-00C04F79EFBC}") = "TowerHunterEngine", "TowerHunterEngine\TowerHunterEngine.csproj", "{597C93E8-EF3E-4E31-BAD8-BB9CCC9BBBBE}"
EndProject
Project("{FAE04EC0-301F-11D3-BF4B-00C04F79EFBC}") = "XNAContentCompiler", "XNAContentCompiler\XNAContentCompiler.csproj", "{36FF2ED9-1494-42C3-A3D3-60C7EF6FAA12}"
EndProject
Global
	GlobalSection(SolutionConfigurationPlatforms) = preSolution
		Debug|Any CPU = Debug|Any CPU
		Debug|Mixed Platforms = Debug|Mixed Platforms
		Debug|x86 = Debug|x86
		Release|Any CPU = Release|Any CPU
		Release|Mixed Platforms = Release|Mixed Platforms
		Release|x86 = Release|x86
	EndGlobalSection
	GlobalSection(ProjectConfigurationPlatforms) = postSolution
		{597C93E8-EF3E-4E31-BAD8-BB9CCC9BBBBE}.Debug|Any CPU.ActiveCfg = Debug|x86
		{597C93E8-EF3E-4E31-BAD8-BB9CCC9BBBBE}.Debug|Mixed Platforms.ActiveCfg = Debug|x86
		{597C93E8-EF3E-4E31-BAD8-BB9CCC9BBBBE}.Debug|Mixed Platforms.Build.0 = Debug|x86
		{597C93E8-EF3E-4E31-BAD8-BB9CCC9BBBBE}.Debug|x86.ActiveCfg = Debug|x86
		{597C93E8-EF3E-4E31-BAD8-BB9CCC9BBBBE}.Debug|x86.Build.0 = Debug|x86
		{597C93E8-EF3E-4E31-BAD8-BB9CCC9BBBBE}.Release|Any CPU.ActiveCfg = Release|x86
		{597C93E8-EF3E-4E31-BAD8-BB9CCC9BBBBE}.Release|Mixed Platforms.ActiveCfg = Release|x86
		{597C93E8-EF3E-4E31-BAD8-BB9CCC9BBBBE}.Release|Mixed Platforms.Build.0 = Release|x86
		{597C93E8-EF3E-4E31-BAD8-BB9CCC9BBBBE}.Release|x86.ActiveCfg = Release|x86
		{597C93E8-EF3E-4E31-BAD8-BB9CCC9BBBBE}.Release|x86.Build.0 = Release|x86
		{36FF2ED9-1494-42C3-A3D3-60C7EF6FAA12}.Debug|Any CPU.ActiveCfg = Debug|x86
		{36FF2ED9-1494-42C3-A3D3-60C7EF6FAA12}.Debug|Mixed Platforms.ActiveCfg = Debug|x86
		{36FF2ED9-1494-42C3-A3D3-60C7EF6FAA12}.Debug|Mixed Platforms.Build.0 = Debug|x86
		{36FF2ED9-1494-42C3-A3D3-60C7EF6FAA12}.Debug|x86.ActiveCfg = Debug|x86
		{36FF2ED9-1494-42C3-A3D3-60C7EF6FAA12}.Debug|x86.Build.0 = Debug|x86
		{36FF2ED9-1494-42C3-A3D3-60C7EF6FAA12}.Release|Any CPU.ActiveCfg = Release|x86
		{36FF2ED9-1494-42C3-A3D3-60C7EF6FAA12}.Release|Mixed Platforms.ActiveCfg = Release|x86
		{36FF2ED9-1494-42C3-A3D3-60C7EF6FAA12}.Release|Mixed Platforms.Build.0 = Release|x86
		{36FF2ED9-1494-42C3-A3D3-60C7EF6FAA12}.Release|x86.ActiveCfg = Release|x86
		{36FF2ED9-1494-42C3-A3D3-60C7EF6FAA12}.Release|x86.Build.0 = Release|x86
	EndGlobalSection
	GlobalSection(SolutionProperties) = preSolution
		HideSolutionNode = FALSE
	EndGlobalSection
	GlobalSection(ExtensibilityGlobals) = postSolution
		BuildVersion_ConfigurationName = Release
		BuildVersion_UseGlobalSettings = True
		BuildVersion_AssemblyInfoFilename = TowerHunterEngine\Properties\AssemblyInfo.cs
	EndGlobalSection
EndGlobal
